
Microsoft Visual Studio Solution File, Format Version 12.00
# Visual Studio 14
VisualStudioVersion = 14.0.25123.0
MinimumVisualStudioVersion = 10.0.40219.1
Project("{2150E333-8FDC-42A3-9474-1A3956D46DE8}") = "src", "src", "{470EBDC8-7D4E-4609-B241-3273019DA46A}"
EndProject
Project("{2150E333-8FDC-42A3-9474-1A3956D46DE8}") = "Solution Items", "Solution Items", "{E0C3FF13-C672-471F-A9C2-600CBD9565AA}"
	ProjectSection(SolutionItems) = preProject
		global.json = global.json
	EndProjectSection
EndProject
Project("{8BB2217D-0F2D-49D1-97BC-3654ED321F3B}") = "First_500_prime_numbers", "src\First_500_prime_numbers\First_500_prime_numbers.xproj", "{289D038E-9B43-42A4-99A9-C73BD20A9E0C}"
EndProject
Global
	GlobalSection(SolutionConfigurationPlatforms) = preSolution
		Debug|Any CPU = Debug|Any CPU
		Debug|x64 = Debug|x64
		Release|Any CPU = Release|Any CPU
		Release|x64 = Release|x64
	EndGlobalSection
	GlobalSection(ProjectConfigurationPlatforms) = postSolution
		{289D038E-9B43-42A4-99A9-C73BD20A9E0C}.Debug|Any CPU.ActiveCfg = Debug|Any CPU
		{289D038E-9B43-42A4-99A9-C73BD20A9E0C}.Debug|Any CPU.Build.0 = Debug|Any CPU
		{289D038E-9B43-42A4-99A9-C73BD20A9E0C}.Debug|x64.ActiveCfg = Debug|Any CPU
		{289D038E-9B43-42A4-99A9-C73BD20A9E0C}.Debug|x64.Build.0 = Debug|Any CPU
		{289D038E-9B43-42A4-99A9-C73BD20A9E0C}.Release|Any CPU.ActiveCfg = Release|Any CPU
		{289D038E-9B43-42A4-99A9-C73BD20A9E0C}.Release|Any CPU.Build.0 = Release|Any CPU
		{289D038E-9B43-42A4-99A9-C73BD20A9E0C}.Release|x64.ActiveCfg = Release|Any CPU
		{289D038E-9B43-42A4-99A9-C73BD20A9E0C}.Release|x64.Build.0 = Release|Any CPU
	EndGlobalSection
	GlobalSection(SolutionProperties) = preSolution
		HideSolutionNode = FALSE
	EndGlobalSection
	GlobalSection(NestedProjects) = preSolution
		{289D038E-9B43-42A4-99A9-C73BD20A9E0C} = {470EBDC8-7D4E-4609-B241-3273019DA46A}
	EndGlobalSection
EndGlobal
